
Microsoft Visual Studio Solution File, Format Version 12.00
# Visual Studio Version 17
VisualStudioVersion = 17.7.34031.279
MinimumVisualStudioVersion = 10.0.40219.1
Project("{9A19103F-16F7-4668-BE54-9A1E7A4F7556}") = "Web2", "Web2\Web2.csproj", "{8867F706-22B8-4E46-9328-B03E637B8403}"
EndProject
Global
	GlobalSection(SolutionConfigurationPlatforms) = preSolution
		Debug|Any CPU = Debug|Any CPU
		Release|Any CPU = Release|Any CPU
	EndGlobalSection
	GlobalSection(ProjectConfigurationPlatforms) = postSolution
		{8867F706-22B8-4E46-9328-B03E637B8403}.Debug|Any CPU.ActiveCfg = Debug|Any CPU
		{8867F706-22B8-4E46-9328-B03E637B8403}.Debug|Any CPU.Build.0 = Debug|Any CPU
		{8867F706-22B8-4E46-9328-B03E637B8403}.Release|Any CPU.ActiveCfg = Release|Any CPU
		{8867F706-22B8-4E46-9328-B03E637B8403}.Release|Any CPU.Build.0 = Release|Any CPU
	EndGlobalSection
	GlobalSection(SolutionProperties) = preSolution
		HideSolutionNode = FALSE
	EndGlobalSection
	GlobalSection(ExtensibilityGlobals) = postSolution
		SolutionGuid = {03738632-E992-40A3-AD1E-6515376B6CE1}
	EndGlobalSection
EndGlobal
